
Microsoft Visual Studio Solution File, Format Version 12.00
# Visual Studio Version 17
VisualStudioVersion = 17.10.34928.147
MinimumVisualStudioVersion = 10.0.40219.1
Project("{FAE04EC0-301F-11D3-BF4B-00C04F79EFBC}") = "WebCodeFirstODataMySQL", "WebCodeFirstODataMySQL\WebCodeFirstODataMySQL.csproj", "{817F19EB-3E61-469A-A0B1-83FA422EA073}"
EndProject
Global
	GlobalSection(SolutionConfigurationPlatforms) = preSolution
		Debug|Any CPU = Debug|Any CPU
		Release|Any CPU = Release|Any CPU
	EndGlobalSection
	GlobalSection(ProjectConfigurationPlatforms) = postSolution
		{817F19EB-3E61-469A-A0B1-83FA422EA073}.Debug|Any CPU.ActiveCfg = Debug|Any CPU
		{817F19EB-3E61-469A-A0B1-83FA422EA073}.Debug|Any CPU.Build.0 = Debug|Any CPU
		{817F19EB-3E61-469A-A0B1-83FA422EA073}.Release|Any CPU.ActiveCfg = Release|Any CPU
		{817F19EB-3E61-469A-A0B1-83FA422EA073}.Release|Any CPU.Build.0 = Release|Any CPU
	EndGlobalSection
	GlobalSection(SolutionProperties) = preSolution
		HideSolutionNode = FALSE
	EndGlobalSection
	GlobalSection(ExtensibilityGlobals) = postSolution
		SolutionGuid = {71153759-7FB7-4434-8816-FA048FB83F99}
	EndGlobalSection
EndGlobal
